
Microsoft Visual Studio Solution File, Format Version 12.00
# Visual Studio Version 17
VisualStudioVersion = 17.4.33213.308
MinimumVisualStudioVersion = 10.0.40219.1
Project("{FAE04EC0-301F-11D3-BF4B-00C04F79EFBC}") = "WpfApp2", "WpfApp2\WpfApp2.csproj", "{3D4F08DD-AA4F-48D5-8AAC-1F7C0A8AEBBC}"
EndProject
Global
	GlobalSection(SolutionConfigurationPlatforms) = preSolution
		Debug|Any CPU = Debug|Any CPU
		Release|Any CPU = Release|Any CPU
	EndGlobalSection
	GlobalSection(ProjectConfigurationPlatforms) = postSolution
		{3D4F08DD-AA4F-48D5-8AAC-1F7C0A8AEBBC}.Debug|Any CPU.ActiveCfg = Debug|Any CPU
		{3D4F08DD-AA4F-48D5-8AAC-1F7C0A8AEBBC}.Debug|Any CPU.Build.0 = Debug|Any CPU
		{3D4F08DD-AA4F-48D5-8AAC-1F7C0A8AEBBC}.Release|Any CPU.ActiveCfg = Release|Any CPU
		{3D4F08DD-AA4F-48D5-8AAC-1F7C0A8AEBBC}.Release|Any CPU.Build.0 = Release|Any CPU
	EndGlobalSection
	GlobalSection(SolutionProperties) = preSolution
		HideSolutionNode = FALSE
	EndGlobalSection
	GlobalSection(ExtensibilityGlobals) = postSolution
		SolutionGuid = {6FEC8A0D-D832-453A-A5A7-9ABB50AB4D42}
	EndGlobalSection
EndGlobal
